
Microsoft Visual Studio Solution File, Format Version 12.00
# Visual Studio Version 16
VisualStudioVersion = 16.0.30204.135
MinimumVisualStudioVersion = 10.0.40219.1
Project("{FAE04EC0-301F-11D3-BF4B-00C04F79EFBC}") = "aws-sqs-demo", "aws-sqs-demo.csproj", "{2B6DCB5F-8FF6-4AE3-B893-12532CC46A76}"
EndProject
Global
	GlobalSection(SolutionConfigurationPlatforms) = preSolution
		Debug|Any CPU = Debug|Any CPU
		Release|Any CPU = Release|Any CPU
	EndGlobalSection
	GlobalSection(ProjectConfigurationPlatforms) = postSolution
		{2B6DCB5F-8FF6-4AE3-B893-12532CC46A76}.Debug|Any CPU.ActiveCfg = Debug|Any CPU
		{2B6DCB5F-8FF6-4AE3-B893-12532CC46A76}.Debug|Any CPU.Build.0 = Debug|Any CPU
		{2B6DCB5F-8FF6-4AE3-B893-12532CC46A76}.Release|Any CPU.ActiveCfg = Release|Any CPU
		{2B6DCB5F-8FF6-4AE3-B893-12532CC46A76}.Release|Any CPU.Build.0 = Release|Any CPU
	EndGlobalSection
	GlobalSection(SolutionProperties) = preSolution
		HideSolutionNode = FALSE
	EndGlobalSection
	GlobalSection(ExtensibilityGlobals) = postSolution
		SolutionGuid = {C6450B57-E3C5-4D57-825C-0D2A66AFD52F}
	EndGlobalSection
EndGlobal
